// !$*UTF8*$!
{
	archiveVersion = 1;
	classes = {
	};
	objectVersion = 48;
	objects = {

/* Begin PBXBuildFile section */
		97DCD0B4202A3F2400B28533 /* AppDelegate.swift in Sources */ = {isa = PBXBuildFile; fileRef = 97DCD0B3202A3F2400B28533 /* AppDelegate.swift */; };
		97DCD0B6202A3F2400B28533 /* ViewController.swift in Sources */ = {isa = PBXBuildFile; fileRef = 97DCD0B5202A3F2400B28533 /* ViewController.swift */; };
		97DCD0B9202A3F2400B28533 /* Main.storyboard in Resources */ = {isa = PBXBuildFile; fileRef = 97DCD0B7202A3F2400B28533 /* Main.storyboard */; };
		97DCD0BB202A3F2400B28533 /* Assets.xcassets in Resources */ = {isa = PBXBuildFile; fileRef = 97DCD0BA202A3F2400B28533 /* Assets.xcassets */; };
		97DCD0BE202A3F2400B28533 /* LaunchScreen.storyboard in Resources */ = {isa = PBXBuildFile; fileRef = 97DCD0BC202A3F2400B28533 /* LaunchScreen.storyboard */; };
		97DCD0C6202A44CA00B28533 /* EqualWidthViews.storyboard in Resources */ = {isa = PBXBuildFile; fileRef = 97DCD0C5202A44CA00B28533 /* EqualWidthViews.storyboard */; };
		97DCD0C8202A4B4E00B28533 /* EqualWidthViews.swift in Sources */ = {isa = PBXBuildFile; fileRef = 97DCD0C7202A4B4E00B28533 /* EqualWidthViews.swift */; };
		97DCD0CA202A589800B28533 /* DifferingHeightViews.storyboard in Resources */ = {isa = PBXBuildFile; fileRef = 97DCD0C9202A589800B28533 /* DifferingHeightViews.storyboard */; };
		97DCD0CC202A5E0600B28533 /* DifferingHeightViews.swift in Sources */ = {isa = PBXBuildFile; fileRef = 97DCD0CB202A5E0600B28533 /* DifferingHeightViews.swift */; };
		97DCD0CE202A66A700B28533 /* ComplexWidthViews.storyboard in Resources */ = {isa = PBXBuildFile; fileRef = 97DCD0CD202A66A700B28533 /* ComplexWidthViews.storyboard */; };
		97DCD0D0202A6CC500B28533 /* ComplexWidthViews.swift in Sources */ = {isa = PBXBuildFile; fileRef = 97DCD0CF202A6CC500B28533 /* ComplexWidthViews.swift */; };
/* End PBXBuildFile section */

/* Begin PBXFileReference section */
		97DCD0B0202A3F2400B28533 /* AutoLayoutCookbook.app */ = {isa = PBXFileReference; explicitFileType = wrapper.application; includeInIndex = 0; path = AutoLayoutCookbook.app; sourceTree = BUILT_PRODUCTS_DIR; };
		97DCD0B3202A3F2400B28533 /* AppDelegate.swift */ = {isa = PBXFileReference; lastKnownFileType = sourcecode.swift; path = AppDelegate.swift; sourceTree = "<group>"; };
		97DCD0B5202A3F2400B28533 /* ViewController.swift */ = {isa = PBXFileReference; lastKnownFileType = sourcecode.swift; path = ViewController.swift; sourceTree = "<group>"; };
		97DCD0B8202A3F2400B28533 /* Base */ = {isa = PBXFileReference; lastKnownFileType = file.storyboard; name = Base; path = Base.lproj/Main.storyboard; sourceTree = "<group>"; };
		97DCD0BA202A3F2400B28533 /* Assets.xcassets */ = {isa = PBXFileReference; lastKnownFileType = folder.assetcatalog; path = Assets.xcassets; sourceTree = "<group>"; };
		97DCD0BD202A3F2400B28533 /* Base */ = {isa = PBXFileReference; lastKnownFileType = file.storyboard; name = Base; path = Base.lproj/LaunchScreen.storyboard; sourceTree = "<group>"; };
		97DCD0BF202A3F2400B28533 /* Info.plist */ = {isa = PBXFileReference; lastKnownFileType = text.plist.xml; path = Info.plist; sourceTree = "<group>"; };
		97DCD0C5202A44CA00B28533 /* EqualWidthViews.storyboard */ = {isa = PBXFileReference; lastKnownFileType = file.storyboard; path = EqualWidthViews.storyboard; sourceTree = "<group>"; };
		97DCD0C7202A4B4E00B28533 /* EqualWidthViews.swift */ = {isa = PBXFileReference; lastKnownFileType = sourcecode.swift; path = EqualWidthViews.swift; sourceTree = "<group>"; };
		97DCD0C9202A589800B28533 /* DifferingHeightViews.storyboard */ = {isa = PBXFileReference; lastKnownFileType = file.storyboard; path = DifferingHeightViews.storyboard; sourceTree = "<group>"; };
		97DCD0CB202A5E0600B28533 /* DifferingHeightViews.swift */ = {isa = PBXFileReference; lastKnownFileType = sourcecode.swift; path = DifferingHeightViews.swift; sourceTree = "<group>"; };
		97DCD0CD202A66A700B28533 /* ComplexWidthViews.storyboard */ = {isa = PBXFileReference; lastKnownFileType = file.storyboard; path = ComplexWidthViews.storyboard; sourceTree = "<group>"; };
		97DCD0CF202A6CC500B28533 /* ComplexWidthViews.swift */ = {isa = PBXFileReference; lastKnownFileType = sourcecode.swift; path = ComplexWidthViews.swift; sourceTree = "<group>"; };
/* End PBXFileReference section */

/* Begin PBXFrameworksBuildPhase section */
		97DCD0AD202A3F2400B28533 /* Frameworks */ = {
			isa = PBXFrameworksBuildPhase;
			buildActionMask = 2147483647;
			files = (
			);
			runOnlyForDeploymentPostprocessing = 0;
		};
/* End PBXFrameworksBuildPhase section */

/* Begin PBXGroup section */
		97DCD0A7202A3F2400B28533 = {
			isa = PBXGroup;
			children = (
				97DCD0B2202A3F2400B28533 /* AutoLayoutCookbook */,
				97DCD0B1202A3F2400B28533 /* Products */,
			);
			sourceTree = "<group>";
		};
		97DCD0B1202A3F2400B28533 /* Products */ = {
			isa = PBXGroup;
			children = (
				97DCD0B0202A3F2400B28533 /* AutoLayoutCookbook.app */,
			);
			name = Products;
			sourceTree = "<group>";
		};
		97DCD0B2202A3F2400B28533 /* AutoLayoutCookbook */ = {
			isa = PBXGroup;
			children = (
				97DCD0B3202A3F2400B28533 /* AppDelegate.swift */,
				97DCD0B5202A3F2400B28533 /* ViewController.swift */,
				97DCD0B7202A3F2400B28533 /* Main.storyboard */,
				97DCD0BA202A3F2400B28533 /* Assets.xcassets */,
				97DCD0BC202A3F2400B28533 /* LaunchScreen.storyboard */,
				97DCD0BF202A3F2400B28533 /* Info.plist */,
				97DCD0C5202A44CA00B28533 /* EqualWidthViews.storyboard */,
				97DCD0C7202A4B4E00B28533 /* EqualWidthViews.swift */,
				97DCD0C9202A589800B28533 /* DifferingHeightViews.storyboard */,
				97DCD0CB202A5E0600B28533 /* DifferingHeightViews.swift */,
				97DCD0CD202A66A700B28533 /* ComplexWidthViews.storyboard */,
				97DCD0CF202A6CC500B28533 /* ComplexWidthViews.swift */,
			);
			path = AutoLayoutCookbook;
			sourceTree = "<group>";
		};
/* End PBXGroup section */

/* Begin PBXNativeTarget section */
		97DCD0AF202A3F2400B28533 /* AutoLayoutCookbook */ = {
			isa = PBXNativeTarget;
			buildConfigurationList = 97DCD0C2202A3F2400B28533 /* Build configuration list for PBXNativeTarget "AutoLayoutCookbook" */;
			buildPhases = (
				97DCD0AC202A3F2400B28533 /* Sources */,
				97DCD0AD202A3F2400B28533 /* Frameworks */,
				97DCD0AE202A3F2400B28533 /* Resources */,
			);
			buildRules = (
			);
			dependencies = (
			);
			name = AutoLayoutCookbook;
			productName = AutoLayoutCookbook;
			productReference = 97DCD0B0202A3F2400B28533 /* AutoLayoutCookbook.app */;
			productType = "com.apple.product-type.application";
		};
/* End PBXNativeTarget section */

/* Begin PBXProject section */
		97DCD0A8202A3F2400B28533 /* Project object */ = {
			isa = PBXProject;
			attributes = {
				LastSwiftUpdateCheck = 0920;
				LastUpgradeCheck = 0920;
				ORGANIZATIONNAME = Treehouse;
				TargetAttributes = {
					97DCD0AF202A3F2400B28533 = {
						CreatedOnToolsVersion = 9.2;
						ProvisioningStyle = Automatic;
					};
				};
			};
			buildConfigurationList = 97DCD0AB202A3F2400B28533 /* Build configuration list for PBXProject "AutoLayoutCookbook" */;
			compatibilityVersion = "Xcode 8.0";
			developmentRegion = en;
			hasScannedForEncodings = 0;
			knownRegions = (
				en,
				Base,
			);
			mainGroup = 97DCD0A7202A3F2400B28533;
			productRefGroup = 97DCD0B1202A3F2400B28533 /* Products */;
			projectDirPath = "";
			projectRoot = "";
			targets = (
				97DCD0AF202A3F2400B28533 /* AutoLayoutCookbook */,
			);
		};
/* End PBXProject section */

/* Begin PBXResourcesBuildPhase section */
		97DCD0AE202A3F2400B28533 /* Resources */ = {
			isa = PBXResourcesBuildPhase;
			buildActionMask = 2147483647;
			files = (
				97DCD0BE202A3F2400B28533 /* LaunchScreen.storyboard in Resources */,
				97DCD0CA202A589800B28533 /* DifferingHeightViews.storyboard in Resources */,
				97DCD0BB202A3F2400B28533 /* Assets.xcassets in Resources */,
				97DCD0B9202A3F2400B28533 /* Main.storyboard in Resources */,
				97DCD0C6202A44CA00B28533 /* EqualWidthViews.storyboard in Resources */,
				97DCD0CE202A66A700B28533 /* ComplexWidthViews.storyboard in Resources */,
			);
			runOnlyForDeploymentPostprocessing = 0;
		};
/* End PBXResourcesBuildPhase section */

/* Begin PBXSourcesBuildPhase section */
		97DCD0AC202A3F2400B28533 /* Sources */ = {
			isa = PBXSourcesBuildPhase;
			buildActionMask = 2147483647;
			files = (
				97DCD0D0202A6CC500B28533 /* ComplexWidthViews.swift in Sources */,
				97DCD0B6202A3F2400B28533 /* ViewController.swift in Sources */,
				97DCD0B4202A3F2400B28533 /* AppDelegate.swift in Sources */,
				97DCD0CC202A5E0600B28533 /* DifferingHeightViews.swift in Sources */,
				97DCD0C8202A4B4E00B28533 /* EqualWidthViews.swift in Sources */,
			);
			runOnlyForDeploymentPostprocessing = 0;
		};
/* End PBXSourcesBuildPhase section */

/* Begin PBXVariantGroup section */
		97DCD0B7202A3F2400B28533 /* Main.storyboard */ = {
			isa = PBXVariantGroup;
			children = (
				97DCD0B8202A3F2400B28533 /* Base */,
			);
			name = Main.storyboard;
			sourceTree = "<group>";
		};
		97DCD0BC202A3F2400B28533 /* LaunchScreen.storyboard */ = {
			isa = PBXVariantGroup;
			children = (
				97DCD0BD202A3F2400B28533 /* Base */,
			);
			name = LaunchScreen.storyboard;
			sourceTree = "<group>";
		};
/* End PBXVariantGroup section */

/* Begin XCBuildConfiguration section */
		97DCD0C0202A3F2400B28533 /* Debug */ = {
			isa = XCBuildConfiguration;
			buildSettings = {
				ALWAYS_SEARCH_USER_PATHS = NO;
				CLANG_ANALYZER_NONNULL = YES;
				CLANG_ANALYZER_NUMBER_OBJECT_CONVERSION = YES_AGGRESSIVE;
				CLANG_CXX_LANGUAGE_STANDARD = "gnu++14";
				CLANG_CXX_LIBRARY = "libc++";
				CLANG_ENABLE_MODULES = YES;
				CLANG_ENABLE_OBJC_ARC = YES;
				CLANG_WARN_BLOCK_CAPTURE_AUTORELEASING = YES;
				CLANG_WARN_BOOL_CONVERSION = YES;
				CLANG_WARN_COMMA = YES;
				CLANG_WARN_CONSTANT_CONVERSION = YES;
				CLANG_WARN_DIRECT_OBJC_ISA_USAGE = YES_ERROR;
				CLANG_WARN_DOCUMENTATION_COMMENTS = YES;
				CLANG_WARN_EMPTY_BODY = YES;
				CLANG_WARN_ENUM_CONVERSION = YES;
				CLANG_WARN_INFINITE_RECURSION = YES;
				CLANG_WARN_INT_CONVERSION = YES;
				CLANG_WARN_NON_LITERAL_NULL_CONVERSION = YES;
				CLANG_WARN_OBJC_LITERAL_CONVERSION = YES;
				CLANG_WARN_OBJC_ROOT_CLASS = YES_ERROR;
				CLANG_WARN_RANGE_LOOP_ANALYSIS = YES;
				CLANG_WARN_STRICT_PROTOTYPES = YES;
				CLANG_WARN_SUSPICIOUS_MOVE = YES;
				CLANG_WARN_UNGUARDED_AVAILABILITY = YES_AGGRESSIVE;
				CLANG_WARN_UNREACHABLE_CODE = YES;
				CLANG_WARN__DUPLICATE_METHOD_MATCH = YES;
				CODE_SIGN_IDENTITY = "iPhone Developer";
				COPY_PHASE_STRIP = NO;
				DEBUG_INFORMATION_FORMAT = dwarf;
				ENABLE_STRICT_OBJC_MSGSEND = YES;
				ENABLE_TESTABILITY = YES;
				GCC_C_LANGUAGE_STANDARD = gnu11;
				GCC_DYNAMIC_NO_PIC = NO;
				GCC_NO_COMMON_BLOCKS = YES;
				GCC_OPTIMIZATION_LEVEL = 0;
				GCC_PREPROCESSOR_DEFINITIONS = (
					"DEBUG=1",
					"$(inherited)",
				);
				GCC_WARN_64_TO_32_BIT_CONVERSION = YES;
				GCC_WARN_ABOUT_RETURN_TYPE = YES_ERROR;
				GCC_WARN_UNDECLARED_SELECTOR = YES;
				GCC_WARN_UNINITIALIZED_AUTOS = YES_AGGRESSIVE;
				GCC_WARN_UNUSED_FUNCTION = YES;
				GCC_WARN_UNUSED_VARIABLE = YES;
				IPHONEOS_DEPLOYMENT_TARGET = 11.2;
				MTL_ENABLE_DEBUG_INFO = YES;
				ONLY_ACTIVE_ARCH = YES;
				SDKROOT = iphoneos;
				SWIFT_ACTIVE_COMPILATION_CONDITIONS = DEBUG;
				SWIFT_OPTIMIZATION_LEVEL = "-Onone";
			};
			name = Debug;
		};
		97DCD0C1202A3F2400B28533 /* Release */ = {
			isa = XCBuildConfiguration;
			buildSettings = {
				ALWAYS_SEARCH_USER_PATHS = NO;
				CLANG_ANALYZER_NONNULL = YES;
				CLANG_ANALYZER_NUMBER_OBJECT_CONVERSION = YES_AGGRESSIVE;
				CLANG_CXX_LANGUAGE_STANDARD = "gnu++14";
				CLANG_CXX_LIBRARY = "libc++";
				CLANG_ENABLE_MODULES = YES;
				CLANG_ENABLE_OBJC_ARC = YES;
				CLANG_WARN_BLOCK_CAPTURE_AUTORELEASING = YES;
				CLANG_WARN_BOOL_CONVERSION = YES;
				CLANG_WARN_COMMA = YES;
				CLANG_WARN_CONSTANT_CONVERSION = YES;
				CLANG_WARN_DIRECT_OBJC_ISA_USAGE = YES_ERROR;
				CLANG_WARN_DOCUMENTATION_COMMENTS = YES;
				CLANG_WARN_EMPTY_BODY = YES;
				CLANG_WARN_ENUM_CONVERSION = YES;
				CLANG_WARN_INFINITE_RECURSION = YES;
				CLANG_WARN_INT_CONVERSION = YES;
				CLANG_WARN_NON_LITERAL_NULL_CONVERSION = YES;
				CLANG_WARN_OBJC_LITERAL_CONVERSION = YES;
				CLANG_WARN_OBJC_ROOT_CLASS = YES_ERROR;
				CLANG_WARN_RANGE_LOOP_ANALYSIS = YES;
				CLANG_WARN_STRICT_PROTOTYPES = YES;
				CLANG_WARN_SUSPICIOUS_MOVE = YES;
				CLANG_WARN_UNGUARDED_AVAILABILITY = YES_AGGRESSIVE;
				CLANG_WARN_UNREACHABLE_CODE = YES;
				CLANG_WARN__DUPLICATE_METHOD_MATCH = YES;
				CODE_SIGN_IDENTITY = "iPhone Developer";
				COPY_PHASE_STRIP = NO;
				DEBUG_INFORMATION_FORMAT = "dwarf-with-dsym";
				ENABLE_NS_ASSERTIONS = NO;
				ENABLE_STRICT_OBJC_MSGSEND = YES;
				GCC_C_LANGUAGE_STANDARD = gnu11;
				GCC_NO_COMMON_BLOCKS = YES;
				GCC_WARN_64_TO_32_BIT_CONVERSION = YES;
				GCC_WARN_ABOUT_RETURN_TYPE = YES_ERROR;
				GCC_WARN_UNDECLARED_SELECTOR = YES;
				GCC_WARN_UNINITIALIZED_AUTOS = YES_AGGRESSIVE;
				GCC_WARN_UNUSED_FUNCTION = YES;
				GCC_WARN_UNUSED_VARIABLE = YES;
				IPHONEOS_DEPLOYMENT_TARGET = 11.2;
				MTL_ENABLE_DEBUG_INFO = NO;
				SDKROOT = iphoneos;
				SWIFT_OPTIMIZATION_LEVEL = "-Owholemodule";
				VALIDATE_PRODUCT = YES;
			};
			name = Release;
		};
		97DCD0C3202A3F2400B28533 /* Debug */ = {
			isa = XCBuildConfiguration;
			buildSettings = {
				ASSETCATALOG_COMPILER_APPICON_NAME = AppIcon;
				CODE_SIGN_STYLE = Automatic;
				DEVELOPMENT_TEAM = R9E84DX62H;
				INFOPLIST_FILE = AutoLayoutCookbook/Info.plist;
				LD_RUNPATH_SEARCH_PATHS = "$(inherited) @executable_path/Frameworks";
				PRODUCT_BUNDLE_IDENTIFIER = com.teamtreehouse.AutoLayoutCookbook;
				PRODUCT_NAME = "$(TARGET_NAME)";
				SWIFT_VERSION = 4.0;
				TARGETED_DEVICE_FAMILY = "1,2";
			};
			name = Debug;
		};
		97DCD0C4202A3F2400B28533 /* Release */ = {
			isa = XCBuildConfiguration;
			buildSettings = {
				ASSETCATALOG_COMPILER_APPICON_NAME = AppIcon;
				CODE_SIGN_STYLE = Automatic;
				DEVELOPMENT_TEAM = R9E84DX62H;
				INFOPLIST_FILE = AutoLayoutCookbook/Info.plist;
				LD_RUNPATH_SEARCH_PATHS = "$(inherited) @executable_path/Frameworks";
				PRODUCT_BUNDLE_IDENTIFIER = com.teamtreehouse.AutoLayoutCookbook;
				PRODUCT_NAME = "$(TARGET_NAME)";
				SWIFT_VERSION = 4.0;
				TARGETED_DEVICE_FAMILY = "1,2";
			};
			name = Release;
		};
/* End XCBuildConfiguration section */

/* Begin XCConfigurationList section */
		97DCD0AB202A3F2400B28533 /* Build configuration list for PBXProject "AutoLayoutCookbook" */ = {
			isa = XCConfigurationList;
			buildConfigurations = (
				97DCD0C0202A3F2400B28533 /* Debug */,
				97DCD0C1202A3F2400B28533 /* Release */,
			);
			defaultConfigurationIsVisible = 0;
			defaultConfigurationName = Release;
		};
		97DCD0C2202A3F2400B28533 /* Build configuration list for PBXNativeTarget "AutoLayoutCookbook" */ = {
			isa = XCConfigurationList;
			buildConfigurations = (
				97DCD0C3202A3F2400B28533 /* Debug */,
				97DCD0C4202A3F2400B28533 /* Release */,
			);
			defaultConfigurationIsVisible = 0;
			defaultConfigurationName = Release;
		};
/* End XCConfigurationList section */
	};
	rootObject = 97DCD0A8202A3F2400B28533 /* Project object */;
}
